// !$*UTF8*$!
{
	archiveVersion = 1;
	classes = {
	};
	objectVersion = 46;
	objects = {

/* Begin PBXBuildFile section */
		9FBFE8671E37F6C40087DD33 /* AppDelegate.swift in Sources */ = {isa = PBXBuildFile; fileRef = 9FBFE8661E37F6C40087DD33 /* AppDelegate.swift */; };
		9FBFE8691E37F6C40087DD33 /* ViewController.swift in Sources */ = {isa = PBXBuildFile; fileRef = 9FBFE8681E37F6C40087DD33 /* ViewController.swift */; };
		9FBFE86C1E37F6C40087DD33 /* Main.storyboard in Resources */ = {isa = PBXBuildFile; fileRef = 9FBFE86A1E37F6C40087DD33 /* Main.storyboard */; };
		9FBFE86E1E37F6C50087DD33 /* Assets.xcassets in Resources */ = {isa = PBXBuildFile; fileRef = 9FBFE86D1E37F6C50087DD33 /* Assets.xcassets */; };
		9FBFE8711E37F6C50087DD33 /* LaunchScreen.storyboard in Resources */ = {isa = PBXBuildFile; fileRef = 9FBFE86F1E37F6C50087DD33 /* LaunchScreen.storyboard */; };
/* End PBXBuildFile section */

/* Begin PBXFileReference section */
		9FBFE8631E37F6C30087DD33 /* BMICaculator.app */ = {isa = PBXFileReference; explicitFileType = wrapper.application; includeInIndex = 0; path = BMICaculator.app; sourceTree = BUILT_PRODUCTS_DIR; };
		9FBFE8661E37F6C40087DD33 /* AppDelegate.swift */ = {isa = PBXFileReference; lastKnownFileType = sourcecode.swift; path = AppDelegate.swift; sourceTree = "<group>"; };
		9FBFE8681E37F6C40087DD33 /* ViewController.swift */ = {isa = PBXFileReference; lastKnownFileType = sourcecode.swift; path = ViewController.swift; sourceTree = "<group>"; };
		9FBFE86B1E37F6C40087DD33 /* Base */ = {isa = PBXFileReference; lastKnownFileType = file.storyboard; name = Base; path = Base.lproj/Main.storyboard; sourceTree = "<group>"; };
		9FBFE86D1E37F6C50087DD33 /* Assets.xcassets */ = {isa = PBXFileReference; lastKnownFileType = folder.assetcatalog; path = Assets.xcassets; sourceTree = "<group>"; };
		9FBFE8701E37F6C50087DD33 /* Base */ = {isa = PBXFileReference; lastKnownFileType = file.storyboard; name = Base; path = Base.lproj/LaunchScreen.storyboard; sourceTree = "<group>"; };
		9FBFE8721E37F6C50087DD33 /* Info.plist */ = {isa = PBXFileReference; lastKnownFileType = text.plist.xml; path = Info.plist; sourceTree = "<group>"; };
/* End PBXFileReference section */

/* Begin PBXFrameworksBuildPhase section */
		9FBFE8601E37F6C30087DD33 /* Frameworks */ = {
			isa = PBXFrameworksBuildPhase;
			buildActionMask = 2147483647;
			files = (
			);
			runOnlyForDeploymentPostprocessing = 0;
		};
/* End PBXFrameworksBuildPhase section */

/* Begin PBXGroup section */
		9FBFE85A1E37F6C30087DD33 = {
			isa = PBXGroup;
			children = (
				9FBFE8651E37F6C30087DD33 /* BMICaculator */,
				9FBFE8641E37F6C30087DD33 /* Products */,
			);
			sourceTree = "<group>";
		};
		9FBFE8641E37F6C30087DD33 /* Products */ = {
			isa = PBXGroup;
			children = (
				9FBFE8631E37F6C30087DD33 /* BMICaculator.app */,
			);
			name = Products;
			sourceTree = "<group>";
		};
		9FBFE8651E37F6C30087DD33 /* BMICaculator */ = {
			isa = PBXGroup;
			children = (
				9FBFE8661E37F6C40087DD33 /* AppDelegate.swift */,
				9FBFE8681E37F6C40087DD33 /* ViewController.swift */,
				9FBFE86A1E37F6C40087DD33 /* Main.storyboard */,
				9FBFE86D1E37F6C50087DD33 /* Assets.xcassets */,
				9FBFE86F1E37F6C50087DD33 /* LaunchScreen.storyboard */,
				9FBFE8721E37F6C50087DD33 /* Info.plist */,
			);
			path = BMICaculator;
			sourceTree = "<group>";
		};
/* End PBXGroup section */

/* Begin PBXNativeTarget section */
		9FBFE8621E37F6C30087DD33 /* BMICaculator */ = {
			isa = PBXNativeTarget;
			buildConfigurationList = 9FBFE8751E37F6C50087DD33 /* Build configuration list for PBXNativeTarget "BMICaculator" */;
			buildPhases = (
				9FBFE85F1E37F6C30087DD33 /* Sources */,
				9FBFE8601E37F6C30087DD33 /* Frameworks */,
				9FBFE8611E37F6C30087DD33 /* Resources */,
			);
			buildRules = (
			);
			dependencies = (
			);
			name = BMICaculator;
			productName = BMICaculator;
			productReference = 9FBFE8631E37F6C30087DD33 /* BMICaculator.app */;
			productType = "com.apple.product-type.application";
		};
/* End PBXNativeTarget section */

/* Begin PBXProject section */
		9FBFE85B1E37F6C30087DD33 /* Project object */ = {
			isa = PBXProject;
			attributes = {
				LastSwiftUpdateCheck = 0800;
				LastUpgradeCheck = 0800;
				ORGANIZATIONNAME = CBC.case.edu;
				TargetAttributes = {
					9FBFE8621E37F6C30087DD33 = {
						CreatedOnToolsVersion = 8.0;
						DevelopmentTeam = GF7ZDB8DRS;
						ProvisioningStyle = Automatic;
					};
				};
			};
			buildConfigurationList = 9FBFE85E1E37F6C30087DD33 /* Build configuration list for PBXProject "BMICaculator" */;
			compatibilityVersion = "Xcode 3.2";
			developmentRegion = English;
			hasScannedForEncodings = 0;
			knownRegions = (
				en,
				Base,
			);
			mainGroup = 9FBFE85A1E37F6C30087DD33;
			productRefGroup = 9FBFE8641E37F6C30087DD33 /* Products */;
			projectDirPath = "";
			projectRoot = "";
			targets = (
				9FBFE8621E37F6C30087DD33 /* BMICaculator */,
			);
		};
/* End PBXProject section */

/* Begin PBXResourcesBuildPhase section */
		9FBFE8611E37F6C30087DD33 /* Resources */ = {
			isa = PBXResourcesBuildPhase;
			buildActionMask = 2147483647;
			files = (
				9FBFE8711E37F6C50087DD33 /* LaunchScreen.storyboard in Resources */,
				9FBFE86E1E37F6C50087DD33 /* Assets.xcassets in Resources */,
				9FBFE86C1E37F6C40087DD33 /* Main.storyboard in Resources */,
			);
			runOnlyForDeploymentPostprocessing = 0;
		};
/* End PBXResourcesBuildPhase section */

/* Begin PBXSourcesBuildPhase section */
		9FBFE85F1E37F6C30087DD33 /* Sources */ = {
			isa = PBXSourcesBuildPhase;
			buildActionMask = 2147483647;
			files = (
				9FBFE8691E37F6C40087DD33 /* ViewController.swift in Sources */,
				9FBFE8671E37F6C40087DD33 /* AppDelegate.swift in Sources */,
			);
			runOnlyForDeploymentPostprocessing = 0;
		};
/* End PBXSourcesBuildPhase section */

/* Begin PBXVariantGroup section */
		9FBFE86A1E37F6C40087DD33 /* Main.storyboard */ = {
			isa = PBXVariantGroup;
			children = (
				9FBFE86B1E37F6C40087DD33 /* Base */,
			);
			name = Main.storyboard;
			sourceTree = "<group>";
		};
		9FBFE86F1E37F6C50087DD33 /* LaunchScreen.storyboard */ = {
			isa = PBXVariantGroup;
			children = (
				9FBFE8701E37F6C50087DD33 /* Base */,
			);
			name = LaunchScreen.storyboard;
			sourceTree = "<group>";
		};
/* End PBXVariantGroup section */

/* Begin XCBuildConfiguration section */
		9FBFE8731E37F6C50087DD33 /* Debug */ = {
			isa = XCBuildConfiguration;
			buildSettings = {
				ALWAYS_SEARCH_USER_PATHS = NO;
				CLANG_ANALYZER_NONNULL = YES;
				CLANG_CXX_LANGUAGE_STANDARD = "gnu++0x";
				CLANG_CXX_LIBRARY = "libc++";
				CLANG_ENABLE_MODULES = YES;
				CLANG_ENABLE_OBJC_ARC = YES;
				CLANG_WARN_BOOL_CONVERSION = YES;
				CLANG_WARN_CONSTANT_CONVERSION = YES;
				CLANG_WARN_DIRECT_OBJC_ISA_USAGE = YES_ERROR;
				CLANG_WARN_DOCUMENTATION_COMMENTS = YES;
				CLANG_WARN_EMPTY_BODY = YES;
				CLANG_WARN_ENUM_CONVERSION = YES;
				CLANG_WARN_INFINITE_RECURSION = YES;
				CLANG_WARN_INT_CONVERSION = YES;
				CLANG_WARN_OBJC_ROOT_CLASS = YES_ERROR;
				CLANG_WARN_SUSPICIOUS_MOVES = YES;
				CLANG_WARN_UNREACHABLE_CODE = YES;
				CLANG_WARN__DUPLICATE_METHOD_MATCH = YES;
				"CODE_SIGN_IDENTITY[sdk=iphoneos*]" = "iPhone Developer";
				COPY_PHASE_STRIP = NO;
				DEBUG_INFORMATION_FORMAT = dwarf;
				ENABLE_STRICT_OBJC_MSGSEND = YES;
				ENABLE_TESTABILITY = YES;
				GCC_C_LANGUAGE_STANDARD = gnu99;
				GCC_DYNAMIC_NO_PIC = NO;
				GCC_NO_COMMON_BLOCKS = YES;
				GCC_OPTIMIZATION_LEVEL = 0;
				GCC_PREPROCESSOR_DEFINITIONS = (
					"DEBUG=1",
					"$(inherited)",
				);
				GCC_WARN_64_TO_32_BIT_CONVERSION = YES;
				GCC_WARN_ABOUT_RETURN_TYPE = YES_ERROR;
				GCC_WARN_UNDECLARED_SELECTOR = YES;
				GCC_WARN_UNINITIALIZED_AUTOS = YES_AGGRESSIVE;
				GCC_WARN_UNUSED_FUNCTION = YES;
				GCC_WARN_UNUSED_VARIABLE = YES;
				IPHONEOS_DEPLOYMENT_TARGET = 10.0;
				MTL_ENABLE_DEBUG_INFO = YES;
				ONLY_ACTIVE_ARCH = YES;
				SDKROOT = iphoneos;
				SWIFT_ACTIVE_COMPILATION_CONDITIONS = DEBUG;
				SWIFT_OPTIMIZATION_LEVEL = "-Onone";
			};
			name = Debug;
		};
		9FBFE8741E37F6C50087DD33 /* Release */ = {
			isa = XCBuildConfiguration;
			buildSettings = {
				ALWAYS_SEARCH_USER_PATHS = NO;
				CLANG_ANALYZER_NONNULL = YES;
				CLANG_CXX_LANGUAGE_STANDARD = "gnu++0x";
				CLANG_CXX_LIBRARY = "libc++";
				CLANG_ENABLE_MODULES = YES;
				CLANG_ENABLE_OBJC_ARC = YES;
				CLANG_WARN_BOOL_CONVERSION = YES;
				CLANG_WARN_CONSTANT_CONVERSION = YES;
				CLANG_WARN_DIRECT_OBJC_ISA_USAGE = YES_ERROR;
				CLANG_WARN_DOCUMENTATION_COMMENTS = YES;
				CLANG_WARN_EMPTY_BODY = YES;
				CLANG_WARN_ENUM_CONVERSION = YES;
				CLANG_WARN_INFINITE_RECURSION = YES;
				CLANG_WARN_INT_CONVERSION = YES;
				CLANG_WARN_OBJC_ROOT_CLASS = YES_ERROR;
				CLANG_WARN_SUSPICIOUS_MOVES = YES;
				CLANG_WARN_UNREACHABLE_CODE = YES;
				CLANG_WARN__DUPLICATE_METHOD_MATCH = YES;
				"CODE_SIGN_IDENTITY[sdk=iphoneos*]" = "iPhone Developer";
				COPY_PHASE_STRIP = NO;
				DEBUG_INFORMATION_FORMAT = "dwarf-with-dsym";
				ENABLE_NS_ASSERTIONS = NO;
				ENABLE_STRICT_OBJC_MSGSEND = YES;
				GCC_C_LANGUAGE_STANDARD = gnu99;
				GCC_NO_COMMON_BLOCKS = YES;
				GCC_WARN_64_TO_32_BIT_CONVERSION = YES;
				GCC_WARN_ABOUT_RETURN_TYPE = YES_ERROR;
				GCC_WARN_UNDECLARED_SELECTOR = YES;
				GCC_WARN_UNINITIALIZED_AUTOS = YES_AGGRESSIVE;
				GCC_WARN_UNUSED_FUNCTION = YES;
				GCC_WARN_UNUSED_VARIABLE = YES;
				IPHONEOS_DEPLOYMENT_TARGET = 10.0;
				MTL_ENABLE_DEBUG_INFO = NO;
				SDKROOT = iphoneos;
				SWIFT_OPTIMIZATION_LEVEL = "-Owholemodule";
				VALIDATE_PRODUCT = YES;
			};
			name = Release;
		};
		9FBFE8761E37F6C50087DD33 /* Debug */ = {
			isa = XCBuildConfiguration;
			buildSettings = {
				ASSETCATALOG_COMPILER_APPICON_NAME = AppIcon;
				DEVELOPMENT_TEAM = GF7ZDB8DRS;
				INFOPLIST_FILE = BMICaculator/Info.plist;
				LD_RUNPATH_SEARCH_PATHS = "$(inherited) @executable_path/Frameworks";
				PRODUCT_BUNDLE_IDENTIFIER = edu.case.CBC.jxl175.BMICaculator;
				PRODUCT_NAME = "$(TARGET_NAME)";
				SWIFT_VERSION = 3.0;
			};
			name = Debug;
		};
		9FBFE8771E37F6C50087DD33 /* Release */ = {
			isa = XCBuildConfiguration;
			buildSettings = {
				ASSETCATALOG_COMPILER_APPICON_NAME = AppIcon;
				DEVELOPMENT_TEAM = GF7ZDB8DRS;
				INFOPLIST_FILE = BMICaculator/Info.plist;
				LD_RUNPATH_SEARCH_PATHS = "$(inherited) @executable_path/Frameworks";
				PRODUCT_BUNDLE_IDENTIFIER = edu.case.CBC.jxl175.BMICaculator;
				PRODUCT_NAME = "$(TARGET_NAME)";
				SWIFT_VERSION = 3.0;
			};
			name = Release;
		};
/* End XCBuildConfiguration section */

/* Begin XCConfigurationList section */
		9FBFE85E1E37F6C30087DD33 /* Build configuration list for PBXProject "BMICaculator" */ = {
			isa = XCConfigurationList;
			buildConfigurations = (
				9FBFE8731E37F6C50087DD33 /* Debug */,
				9FBFE8741E37F6C50087DD33 /* Release */,
			);
			defaultConfigurationIsVisible = 0;
			defaultConfigurationName = Release;
		};
		9FBFE8751E37F6C50087DD33 /* Build configuration list for PBXNativeTarget "BMICaculator" */ = {
			isa = XCConfigurationList;
			buildConfigurations = (
				9FBFE8761E37F6C50087DD33 /* Debug */,
				9FBFE8771E37F6C50087DD33 /* Release */,
			);
			defaultConfigurationIsVisible = 0;
		};
/* End XCConfigurationList section */
	};
	rootObject = 9FBFE85B1E37F6C30087DD33 /* Project object */;
}
